{
    "_readme": [
        "This file locks the dependencies of your project to a known state",
        "Read more about it at http://getcomposer.org/doc/01-basic-usage.md#composer-lock-the-lock-file",
        "This file is @generated automatically"
    ],
    "hash": "17b778b26bab2d1d0890b17e437784b7",
    "packages": [
        {
            "name": "evenement/evenement",
            "version": "v1.0.0",
            "source": {
                "type": "git",
                "url": "https://github.com/igorw/evenement.git",
                "reference": "fa966683e7df3e5dd5929d984a44abfbd6bafe8d"
            },
            "dist": {
                "type": "zip",
                "url": "https://api.github.com/repos/igorw/evenement/zipball/fa966683e7df3e5dd5929d984a44abfbd6bafe8d",
                "reference": "fa966683e7df3e5dd5929d984a44abfbd6bafe8d",
                "shasum": ""
            },
            "require": {
                "php": ">=5.3.0"
            },
            "type": "library",
            "autoload": {
                "psr-0": {
                    "Evenement": "src"
                }
            },
            "notification-url": "https://packagist.org/downloads/",
            "license": [
                "MIT"
            ],
            "authors": [
                {
                    "name": "Igor Wiedler",
                    "email": "igor@wiedler.ch",
                    "homepage": "http://wiedler.ch/igor/"
                }
            ],
            "description": "Événement is a very simple event dispatching library for PHP 5.3",
            "keywords": [
                "event-dispatcher"
            ],
            "time": "2012-05-30 15:01:08"
        },
        {
            "name": "guzzle/parser",
            "version": "v3.9.2",
            "target-dir": "Guzzle/Parser",
            "source": {
                "type": "git",
                "url": "https://github.com/guzzle/parser.git",
                "reference": "6874d171318a8e93eb6d224cf85e4678490b625c"
            },
            "dist": {
                "type": "zip",
                "url": "https://api.github.com/repos/guzzle/parser/zipball/6874d171318a8e93eb6d224cf85e4678490b625c",
                "reference": "6874d171318a8e93eb6d224cf85e4678490b625c",
                "shasum": ""
            },
            "require": {
                "php": ">=5.3.2"
            },
            "type": "library",
            "extra": {
                "branch-alias": {
                    "dev-master": "3.7-dev"
                }
            },
            "autoload": {
                "psr-0": {
                    "Guzzle\\Parser": ""
                }
            },
            "notification-url": "https://packagist.org/downloads/",
            "license": [
                "MIT"
            ],
            "description": "Interchangeable parsers used by Guzzle",
            "homepage": "http://guzzlephp.org/",
            "keywords": [
                "URI Template",
                "cookie",
                "http",
                "message",
                "url"
            ],
            "time": "2014-02-05 18:29:46"
        },
        {
            "name": "psr/log",
            "version": "1.0.0",
            "source": {
                "type": "git",
                "url": "https://github.com/php-fig/log.git",
                "reference": "fe0936ee26643249e916849d48e3a51d5f5e278b"
            },
            "dist": {
                "type": "zip",
                "url": "https://api.github.com/repos/php-fig/log/zipball/fe0936ee26643249e916849d48e3a51d5f5e278b",
                "reference": "fe0936ee26643249e916849d48e3a51d5f5e278b",
                "shasum": ""
            },
            "type": "library",
            "autoload": {
                "psr-0": {
                    "Psr\\Log\\": ""
                }
            },
            "notification-url": "https://packagist.org/downloads/",
            "license": [
                "MIT"
            ],
            "authors": [
                {
                    "name": "PHP-FIG",
                    "homepage": "http://www.php-fig.org/"
                }
            ],
            "description": "Common interface for logging libraries",
            "keywords": [
                "log",
                "psr",
                "psr-3"
            ],
            "time": "2012-12-21 11:40:51"
        },
        {
            "name": "react/promise",
            "version": "v1.0.4",
            "source": {
                "type": "git",
                "url": "https://github.com/reactphp/promise.git",
                "reference": "d6de8cae1dbb4878d909c41cb89aff764504472c"
            },
            "dist": {
                "type": "zip",
                "url": "https://api.github.com/repos/reactphp/promise/zipball/d6de8cae1dbb4878d909c41cb89aff764504472c",
                "reference": "d6de8cae1dbb4878d909c41cb89aff764504472c",
                "shasum": ""
            },
            "require": {
                "php": ">=5.3.3"
            },
            "type": "library",
            "extra": {
                "branch-alias": {
                    "dev-master": "1.0-dev"
                }
            },
            "autoload": {
                "psr-0": {
                    "React\\Promise": "src/"
                }
            },
            "notification-url": "https://packagist.org/downloads/",
            "license": [
                "MIT"
            ],
            "authors": [
                {
                    "name": "Jan Sorgalla",
                    "email": "jsorgalla@googlemail.com",
                    "homepage": "http://sorgalla.com",
                    "role": "maintainer"
                }
            ],
            "description": "A lightweight implementation of CommonJS Promises/A for PHP",
            "time": "2013-04-03 14:05:55"
        },
        {
            "name": "react/react",
            "version": "v0.3.3",
            "source": {
                "type": "git",
                "url": "https://github.com/reactphp/react.git",
                "reference": "210c11a6041cfa2ce1701a4870b69475d9081265"
            },
            "dist": {
                "type": "zip",
                "url": "https://api.github.com/repos/reactphp/react/zipball/210c11a6041cfa2ce1701a4870b69475d9081265",
                "reference": "210c11a6041cfa2ce1701a4870b69475d9081265",
                "shasum": ""
            },
            "require": {
                "evenement/evenement": "1.0.*",
                "guzzle/parser": "~3.0",
                "php": ">=5.3.3",
                "react/promise": "~1.0"
            },
            "replace": {
                "react/cache": "self.version",
                "react/dns": "self.version",
                "react/event-loop": "self.version",
                "react/http": "self.version",
                "react/http-client": "self.version",
                "react/socket": "self.version",
                "react/socket-client": "self.version",
                "react/stream": "self.version"
            },
            "suggest": {
                "ext-libev": "*",
                "ext-libevent": "*"
            },
            "type": "library",
            "extra": {
                "branch-alias": {
                    "dev-master": "0.3-dev"
                }
            },
            "autoload": {
                "psr-0": {
                    "React": "src"
                }
            },
            "notification-url": "https://packagist.org/downloads/",
            "license": [
                "MIT"
            ],
            "description": "Nuclear Reactor written in PHP.",
            "keywords": [
                "event-loop",
                "reactor"
            ],
            "time": "2013-07-09 01:55:25"
        },
        {
            "name": "stack/builder",
            "version": "v1.0.2",
            "source": {
                "type": "git",
                "url": "https://github.com/stackphp/builder.git",
                "reference": "b4af43e7b7f3f7fac919ff475b29f7c5dc7b23b7"
            },
            "dist": {
                "type": "zip",
                "url": "https://api.github.com/repos/stackphp/builder/zipball/b4af43e7b7f3f7fac919ff475b29f7c5dc7b23b7",
                "reference": "b4af43e7b7f3f7fac919ff475b29f7c5dc7b23b7",
                "shasum": ""
            },
            "require": {
                "php": ">=5.3.0",
                "symfony/http-foundation": "~2.1",
                "symfony/http-kernel": "~2.1"
            },
            "require-dev": {
                "silex/silex": "~1.0"
            },
            "type": "library",
            "extra": {
                "branch-alias": {
                    "dev-master": "1.0-dev"
                }
            },
            "autoload": {
                "psr-0": {
                    "Stack": "src"
                }
            },
            "notification-url": "https://packagist.org/downloads/",
            "license": [
                "MIT"
            ],
            "authors": [
                {
                    "name": "Igor Wiedler",
                    "email": "igor@wiedler.ch",
                    "homepage": "http://wiedler.ch/igor/"
                }
            ],
            "description": "Builder for stack middlewares based on HttpKernelInterface.",
            "keywords": [
                "stack"
            ],
            "time": "2014-01-28 19:42:24"
        },
        {
            "name": "symfony/console",
            "version": "v2.5.6",
            "target-dir": "Symfony/Component/Console",
            "source": {
                "type": "git",
                "url": "https://github.com/symfony/Console.git",
                "reference": "6f177fca24200a5b97aef5ce7a5c98124a0f0db0"
            },
            "dist": {
                "type": "zip",
                "url": "https://api.github.com/repos/symfony/Console/zipball/6f177fca24200a5b97aef5ce7a5c98124a0f0db0",
                "reference": "6f177fca24200a5b97aef5ce7a5c98124a0f0db0",
                "shasum": ""
            },
            "require": {
                "php": ">=5.3.3"
            },
            "require-dev": {
                "psr/log": "~1.0",
                "symfony/event-dispatcher": "~2.1"
            },
            "suggest": {
                "psr/log": "For using the console logger",
                "symfony/event-dispatcher": ""
            },
            "type": "library",
            "extra": {
                "branch-alias": {
                    "dev-master": "2.5-dev"
                }
            },
            "autoload": {
                "psr-0": {
                    "Symfony\\Component\\Console\\": ""
                }
            },
            "notification-url": "https://packagist.org/downloads/",
            "license": [
                "MIT"
            ],
            "authors": [
                {
                    "name": "Symfony Community",
                    "homepage": "http://symfony.com/contributors"
                },
                {
                    "name": "Fabien Potencier",
                    "email": "fabien@symfony.com"
                }
            ],
            "description": "Symfony Console Component",
            "homepage": "http://symfony.com",
            "time": "2014-10-05 13:57:04"
        },
        {
            "name": "symfony/debug",
            "version": "v2.5.6",
            "target-dir": "Symfony/Component/Debug",
            "source": {
                "type": "git",
                "url": "https://github.com/symfony/Debug.git",
                "reference": "2538d5099b9728b6ca09b261566a766f4f847459"
            },
            "dist": {
                "type": "zip",
                "url": "https://api.github.com/repos/symfony/Debug/zipball/2538d5099b9728b6ca09b261566a766f4f847459",
                "reference": "2538d5099b9728b6ca09b261566a766f4f847459",
                "shasum": ""
            },
            "require": {
                "php": ">=5.3.3"
            },
            "require-dev": {
                "symfony/http-foundation": "~2.1",
                "symfony/http-kernel": "~2.1"
            },
            "suggest": {
                "symfony/http-foundation": "",
                "symfony/http-kernel": ""
            },
            "type": "library",
            "extra": {
                "branch-alias": {
                    "dev-master": "2.5-dev"
                }
            },
            "autoload": {
                "psr-0": {
                    "Symfony\\Component\\Debug\\": ""
                }
            },
            "notification-url": "https://packagist.org/downloads/",
            "license": [
                "MIT"
            ],
            "authors": [
                {
                    "name": "Symfony Community",
                    "homepage": "http://symfony.com/contributors"
                },
                {
                    "name": "Fabien Potencier",
                    "email": "fabien@symfony.com"
                }
            ],
            "description": "Symfony Debug Component",
            "homepage": "http://symfony.com",
            "time": "2014-10-24 05:49:22"
        },
        {
            "name": "symfony/event-dispatcher",
            "version": "v2.5.6",
            "target-dir": "Symfony/Component/EventDispatcher",
            "source": {
                "type": "git",
                "url": "https://github.com/symfony/EventDispatcher.git",
                "reference": "804eb28dbbfba9ffdab21fe2066744906cea2212"
            },
            "dist": {
                "type": "zip",
                "url": "https://api.github.com/repos/symfony/EventDispatcher/zipball/804eb28dbbfba9ffdab21fe2066744906cea2212",
                "reference": "804eb28dbbfba9ffdab21fe2066744906cea2212",
                "shasum": ""
            },
            "require": {
                "php": ">=5.3.3"
            },
            "require-dev": {
                "psr/log": "~1.0",
                "symfony/config": "~2.0",
                "symfony/dependency-injection": "~2.0,<2.6.0",
                "symfony/stopwatch": "~2.2"
            },
            "suggest": {
                "symfony/dependency-injection": "",
                "symfony/http-kernel": ""
            },
            "type": "library",
            "extra": {
                "branch-alias": {
                    "dev-master": "2.5-dev"
                }
            },
            "autoload": {
                "psr-0": {
                    "Symfony\\Component\\EventDispatcher\\": ""
                }
            },
            "notification-url": "https://packagist.org/downloads/",
            "license": [
                "MIT"
            ],
            "authors": [
                {
                    "name": "Symfony Community",
                    "homepage": "http://symfony.com/contributors"
                },
                {
                    "name": "Fabien Potencier",
                    "email": "fabien@symfony.com"
                }
            ],
            "description": "Symfony EventDispatcher Component",
            "homepage": "http://symfony.com",
            "time": "2014-10-01 15:43:05"
        },
        {
            "name": "symfony/http-foundation",
            "version": "v2.5.6",
            "target-dir": "Symfony/Component/HttpFoundation",
            "source": {
                "type": "git",
                "url": "https://github.com/symfony/HttpFoundation.git",
                "reference": "56111fc8ba8bcad93d367532babecc6ce17f66ce"
            },
            "dist": {
                "type": "zip",
                "url": "https://api.github.com/repos/symfony/HttpFoundation/zipball/56111fc8ba8bcad93d367532babecc6ce17f66ce",
                "reference": "56111fc8ba8bcad93d367532babecc6ce17f66ce",
                "shasum": ""
            },
            "require": {
                "php": ">=5.3.3"
            },
            "require-dev": {
                "symfony/expression-language": "~2.4"
            },
            "type": "library",
            "extra": {
                "branch-alias": {
                    "dev-master": "2.5-dev"
                }
            },
            "autoload": {
                "psr-0": {
                    "Symfony\\Component\\HttpFoundation\\": ""
                },
                "classmap": [
                    "Symfony/Component/HttpFoundation/Resources/stubs"
                ]
            },
            "notification-url": "https://packagist.org/downloads/",
            "license": [
                "MIT"
            ],
            "authors": [
                {
                    "name": "Symfony Community",
                    "homepage": "http://symfony.com/contributors"
                },
                {
                    "name": "Fabien Potencier",
                    "email": "fabien@symfony.com"
                }
            ],
            "description": "Symfony HttpFoundation Component",
            "homepage": "http://symfony.com",
            "time": "2014-10-24 05:49:22"
        },
        {
            "name": "symfony/http-kernel",
            "version": "v2.5.6",
            "target-dir": "Symfony/Component/HttpKernel",
            "source": {
                "type": "git",
                "url": "https://github.com/symfony/HttpKernel.git",
                "reference": "cf8f6935f383cf5501499fef7677c36d4205e398"
            },
            "dist": {
                "type": "zip",
                "url": "https://api.github.com/repos/symfony/HttpKernel/zipball/cf8f6935f383cf5501499fef7677c36d4205e398",
                "reference": "cf8f6935f383cf5501499fef7677c36d4205e398",
                "shasum": ""
            },
            "require": {
                "php": ">=5.3.3",
                "psr/log": "~1.0",
                "symfony/debug": "~2.5",
                "symfony/event-dispatcher": "~2.5",
                "symfony/http-foundation": "~2.5"
            },
            "require-dev": {
                "symfony/browser-kit": "~2.2",
                "symfony/class-loader": "~2.1",
                "symfony/config": "~2.0",
                "symfony/console": "~2.2",
                "symfony/dependency-injection": "~2.0",
                "symfony/expression-language": "~2.4",
                "symfony/finder": "~2.0",
                "symfony/process": "~2.0",
                "symfony/routing": "~2.2",
                "symfony/stopwatch": "~2.2",
                "symfony/templating": "~2.2"
            },
            "suggest": {
                "symfony/browser-kit": "",
                "symfony/class-loader": "",
                "symfony/config": "",
                "symfony/console": "",
                "symfony/dependency-injection": "",
                "symfony/finder": ""
            },
            "type": "library",
            "extra": {
                "branch-alias": {
                    "dev-master": "2.5-dev"
                }
            },
            "autoload": {
                "psr-0": {
                    "Symfony\\Component\\HttpKernel\\": ""
                }
            },
            "notification-url": "https://packagist.org/downloads/",
            "license": [
                "MIT"
            ],
            "authors": [
                {
                    "name": "Symfony Community",
                    "homepage": "http://symfony.com/contributors"
                },
                {
                    "name": "Fabien Potencier",
                    "email": "fabien@symfony.com"
                }
            ],
            "description": "Symfony HttpKernel Component",
            "homepage": "http://symfony.com",
            "time": "2014-10-24 06:55:39"
        },
        {
            "name": "zendframework/zend-escaper",
            "version": "2.3.3",
            "target-dir": "Zend/Escaper",
            "source": {
                "type": "git",
                "url": "https://github.com/zendframework/Component_ZendEscaper.git",
                "reference": "c24949840766a544489bfc303714e1f332341010"
            },
            "dist": {
                "type": "zip",
                "url": "https://api.github.com/repos/zendframework/Component_ZendEscaper/zipball/c24949840766a544489bfc303714e1f332341010",
                "reference": "c24949840766a544489bfc303714e1f332341010",
                "shasum": ""
            },
            "require": {
                "php": ">=5.3.23"
            },
            "type": "library",
            "extra": {
                "branch-alias": {
                    "dev-master": "2.3-dev",
                    "dev-develop": "2.4-dev"
                }
            },
            "autoload": {
                "psr-0": {
                    "Zend\\Escaper\\": ""
                }
            },
            "notification-url": "https://packagist.org/downloads/",
            "license": [
                "BSD-3-Clause"
            ],
            "homepage": "https://github.com/zendframework/zf2",
            "keywords": [
                "escaper",
                "zf2"
            ],
            "time": "2014-09-16 22:58:11"
        },
        {
            "name": "zendframework/zend-eventmanager",
            "version": "2.3.3",
            "target-dir": "Zend/EventManager",
            "source": {
                "type": "git",
                "url": "https://github.com/zendframework/Component_ZendEventManager.git",
                "reference": "4110fe64b10616b9bb71429a206d8e9e6d99e3ba"
            },
            "dist": {
                "type": "zip",
                "url": "https://api.github.com/repos/zendframework/Component_ZendEventManager/zipball/4110fe64b10616b9bb71429a206d8e9e6d99e3ba",
                "reference": "4110fe64b10616b9bb71429a206d8e9e6d99e3ba",
                "shasum": ""
            },
            "require": {
                "php": ">=5.3.23",
                "zendframework/zend-stdlib": "self.version"
            },
            "type": "library",
            "extra": {
                "branch-alias": {
                    "dev-master": "2.3-dev",
                    "dev-develop": "2.4-dev"
                }
            },
            "autoload": {
                "psr-0": {
                    "Zend\\EventManager\\": ""
                }
            },
            "notification-url": "https://packagist.org/downloads/",
            "license": [
                "BSD-3-Clause"
            ],
            "homepage": "https://github.com/zendframework/zf2",
            "keywords": [
                "eventmanager",
                "zf2"
            ],
            "time": "2014-09-16 22:58:11"
        },
        {
            "name": "zendframework/zend-filter",
            "version": "2.3.3",
            "target-dir": "Zend/Filter",
            "source": {
                "type": "git",
                "url": "https://github.com/zendframework/Component_ZendFilter.git",
                "reference": "98b8c2abfdc9009e4c0157e78c9f22bf2cebb693"
            },
            "dist": {
                "type": "zip",
                "url": "https://api.github.com/repos/zendframework/Component_ZendFilter/zipball/98b8c2abfdc9009e4c0157e78c9f22bf2cebb693",
                "reference": "98b8c2abfdc9009e4c0157e78c9f22bf2cebb693",
                "shasum": ""
            },
            "require": {
                "php": ">=5.3.23",
                "zendframework/zend-stdlib": "self.version"
            },
            "require-dev": {
                "zendframework/zend-crypt": "self.version",
                "zendframework/zend-servicemanager": "self.version",
                "zendframework/zend-uri": "self.version"
            },
            "suggest": {
                "zendframework/zend-crypt": "Zend\\Crypt component",
                "zendframework/zend-i18n": "Zend\\I18n component",
                "zendframework/zend-servicemanager": "Zend\\ServiceManager component",
                "zendframework/zend-uri": "Zend\\Uri component for UriNormalize filter"
            },
            "type": "library",
            "extra": {
                "branch-alias": {
                    "dev-master": "2.3-dev",
                    "dev-develop": "2.4-dev"
                }
            },
            "autoload": {
                "psr-0": {
                    "Zend\\Filter\\": ""
                }
            },
            "notification-url": "https://packagist.org/downloads/",
            "license": [
                "BSD-3-Clause"
            ],
            "description": "provides a set of commonly needed data filters",
            "homepage": "https://github.com/zendframework/zf2",
            "keywords": [
                "filter",
                "zf2"
            ],
            "time": "2014-09-16 22:58:11"
        },
        {
            "name": "zendframework/zend-form",
            "version": "2.3.3",
            "target-dir": "Zend/Form",
            "source": {
                "type": "git",
                "url": "https://github.com/zendframework/Component_ZendForm.git",
                "reference": "050da061de3df0ed866337a146333af341a157aa"
            },
            "dist": {
                "type": "zip",
                "url": "https://api.github.com/repos/zendframework/Component_ZendForm/zipball/050da061de3df0ed866337a146333af341a157aa",
                "reference": "050da061de3df0ed866337a146333af341a157aa",
                "shasum": ""
            },
            "require": {
                "php": ">=5.3.23",
                "zendframework/zend-inputfilter": "self.version",
                "zendframework/zend-stdlib": "self.version"
            },
            "require-dev": {
                "zendframework/zend-captcha": "self.version",
                "zendframework/zend-code": "self.version",
                "zendframework/zend-eventmanager": "self.version",
                "zendframework/zend-filter": "self.version",
                "zendframework/zend-i18n": "self.version",
                "zendframework/zend-servicemanager": "self.version",
                "zendframework/zend-validator": "self.version",
                "zendframework/zend-view": "self.version",
                "zendframework/zendservice-recaptcha": "*"
            },
            "suggest": {
                "zendframework/zend-captcha": "Zend\\Captcha component",
                "zendframework/zend-code": "Zend\\Code component",
                "zendframework/zend-eventmanager": "Zend\\EventManager component",
                "zendframework/zend-filter": "Zend\\Filter component",
                "zendframework/zend-i18n": "Zend\\I18n component",
                "zendframework/zend-servicemanager": "Zend\\ServiceManager component",
                "zendframework/zend-validator": "Zend\\Validator component",
                "zendframework/zend-view": "Zend\\View component",
                "zendframework/zendservice-recaptcha": "ZendService\\ReCaptcha component"
            },
            "type": "library",
            "extra": {
                "branch-alias": {
                    "dev-master": "2.3-dev",
                    "dev-develop": "2.4-dev"
                }
            },
            "autoload": {
                "psr-0": {
                    "Zend\\Form\\": ""
                }
            },
            "notification-url": "https://packagist.org/downloads/",
            "license": [
                "BSD-3-Clause"
            ],
            "homepage": "https://github.com/zendframework/zf2",
            "keywords": [
                "form",
                "zf2"
            ],
            "time": "2014-09-16 22:58:11"
        },
        {
            "name": "zendframework/zend-http",
            "version": "2.3.3",
            "target-dir": "Zend/Http",
            "source": {
                "type": "git",
                "url": "https://github.com/zendframework/Component_ZendHttp.git",
                "reference": "00bc1e563e3da53825c423e5d889961a9fb58fe9"
            },
            "dist": {
                "type": "zip",
                "url": "https://api.github.com/repos/zendframework/Component_ZendHttp/zipball/00bc1e563e3da53825c423e5d889961a9fb58fe9",
                "reference": "00bc1e563e3da53825c423e5d889961a9fb58fe9",
                "shasum": ""
            },
            "require": {
                "php": ">=5.3.23",
                "zendframework/zend-loader": "self.version",
                "zendframework/zend-stdlib": "self.version",
                "zendframework/zend-uri": "self.version",
                "zendframework/zend-validator": "self.version"
            },
            "type": "library",
            "extra": {
                "branch-alias": {
                    "dev-master": "2.3-dev",
                    "dev-develop": "2.4-dev"
                }
            },
            "autoload": {
                "psr-0": {
                    "Zend\\Http\\": ""
                }
            },
            "notification-url": "https://packagist.org/downloads/",
            "license": [
                "BSD-3-Clause"
            ],
            "description": "provides an easy interface for performing Hyper-Text Transfer Protocol (HTTP) requests",
            "homepage": "https://github.com/zendframework/zf2",
            "keywords": [
                "http",
                "zf2"
            ],
            "time": "2014-09-16 22:58:11"
        },
        {
            "name": "zendframework/zend-inputfilter",
            "version": "2.3.3",
            "target-dir": "Zend/InputFilter",
            "source": {
                "type": "git",
                "url": "https://github.com/zendframework/Component_ZendInputFilter.git",
                "reference": "f7ad5e3d693854344ea658a9c8a6fe6219bf0ef7"
            },
            "dist": {
                "type": "zip",
                "url": "https://api.github.com/repos/zendframework/Component_ZendInputFilter/zipball/f7ad5e3d693854344ea658a9c8a6fe6219bf0ef7",
                "reference": "f7ad5e3d693854344ea658a9c8a6fe6219bf0ef7",
                "shasum": ""
            },
            "require": {
                "php": ">=5.3.23",
                "zendframework/zend-filter": "self.version",
                "zendframework/zend-stdlib": "self.version",
                "zendframework/zend-validator": "self.version"
            },
            "require-dev": {
                "zendframework/zend-servicemanager": "self.version"
            },
            "suggest": {
                "zendframework/zend-servicemanager": "To support plugin manager support"
            },
            "type": "library",
            "extra": {
                "branch-alias": {
                    "dev-master": "2.3-dev",
                    "dev-develop": "2.4-dev"
                }
            },
            "autoload": {
                "psr-0": {
                    "Zend\\InputFilter\\": ""
                }
            },
            "notification-url": "https://packagist.org/downloads/",
            "license": [
                "BSD-3-Clause"
            ],
            "homepage": "https://github.com/zendframework/zf2",
            "keywords": [
                "inputfilter",
                "zf2"
            ],
            "time": "2014-09-16 22:58:11"
        },
        {
            "name": "zendframework/zend-loader",
            "version": "2.3.3",
            "target-dir": "Zend/Loader",
            "source": {
                "type": "git",
                "url": "https://github.com/zendframework/Component_ZendLoader.git",
                "reference": "74b982c0fc89fd1eb3350ccab130243f9bfe2654"
            },
            "dist": {
                "type": "zip",
                "url": "https://api.github.com/repos/zendframework/Component_ZendLoader/zipball/74b982c0fc89fd1eb3350ccab130243f9bfe2654",
                "reference": "74b982c0fc89fd1eb3350ccab130243f9bfe2654",
                "shasum": ""
            },
            "require": {
                "php": ">=5.3.23"
            },
            "type": "library",
            "extra": {
                "branch-alias": {
                    "dev-master": "2.3-dev",
                    "dev-develop": "2.4-dev"
                }
            },
            "autoload": {
                "psr-0": {
                    "Zend\\Loader\\": ""
                }
            },
            "notification-url": "https://packagist.org/downloads/",
            "license": [
                "BSD-3-Clause"
            ],
            "homepage": "https://github.com/zendframework/zf2",
            "keywords": [
                "loader",
                "zf2"
            ],
            "time": "2014-09-16 22:58:11"
        },
        {
            "name": "zendframework/zend-mvc",
            "version": "2.3.3",
            "target-dir": "Zend/Mvc",
            "source": {
                "type": "git",
                "url": "https://github.com/zendframework/Component_ZendMvc.git",
                "reference": "25c7c12e18e77482348584b9a1fff25cce4d1b0a"
            },
            "dist": {
                "type": "zip",
                "url": "https://api.github.com/repos/zendframework/Component_ZendMvc/zipball/25c7c12e18e77482348584b9a1fff25cce4d1b0a",
                "reference": "25c7c12e18e77482348584b9a1fff25cce4d1b0a",
                "shasum": ""
            },
            "require": {
                "php": ">=5.3.23",
                "zendframework/zend-eventmanager": "self.version",
                "zendframework/zend-form": "self.version",
                "zendframework/zend-servicemanager": "self.version",
                "zendframework/zend-stdlib": "self.version"
            },
            "require-dev": {
                "zendframework/zend-authentication": "self.version",
                "zendframework/zend-console": "self.version",
                "zendframework/zend-di": "self.version",
                "zendframework/zend-filter": "self.version",
                "zendframework/zend-http": "self.version",
                "zendframework/zend-i18n": "self.version",
                "zendframework/zend-inputfilter": "self.version",
                "zendframework/zend-json": "self.version",
                "zendframework/zend-log": "self.version",
                "zendframework/zend-modulemanager": "self.version",
                "zendframework/zend-serializer": "self.version",
                "zendframework/zend-session": "self.version",
                "zendframework/zend-text": "self.version",
                "zendframework/zend-uri": "self.version",
                "zendframework/zend-validator": "self.version",
                "zendframework/zend-version": "self.version",
                "zendframework/zend-view": "self.version"
            },
            "suggest": {
                "zendframework/zend-authentication": "Zend\\Authentication component for Identity plugin",
                "zendframework/zend-config": "Zend\\Config component",
                "zendframework/zend-console": "Zend\\Console component",
                "zendframework/zend-di": "Zend\\Di component",
                "zendframework/zend-filter": "Zend\\Filter component",
                "zendframework/zend-http": "Zend\\Http component",
                "zendframework/zend-i18n": "Zend\\I18n component for translatable segments",
                "zendframework/zend-inputfilter": "Zend\\Inputfilter component",
                "zendframework/zend-json": "Zend\\Json component",
                "zendframework/zend-log": "Zend\\Log component",
                "zendframework/zend-modulemanager": "Zend\\ModuleManager component",
                "zendframework/zend-serializer": "Zend\\Serializer component",
                "zendframework/zend-session": "Zend\\Session component for FlashMessenger, PRG, and FPRG plugins",
                "zendframework/zend-stdlib": "Zend\\Stdlib component",
                "zendframework/zend-text": "Zend\\Text component",
                "zendframework/zend-uri": "Zend\\Uri component",
                "zendframework/zend-validator": "Zend\\Validator component",
                "zendframework/zend-version": "Zend\\Version component",
                "zendframework/zend-view": "Zend\\View component"
            },
            "type": "library",
            "extra": {
                "branch-alias": {
                    "dev-master": "2.3-dev",
                    "dev-develop": "2.4-dev"
                }
            },
            "autoload": {
                "psr-0": {
                    "Zend\\Mvc\\": ""
                }
            },
            "notification-url": "https://packagist.org/downloads/",
            "license": [
                "BSD-3-Clause"
            ],
            "homepage": "https://github.com/zendframework/zf2",
            "keywords": [
                "mvc",
                "zf2"
            ],
            "time": "2014-09-16 22:58:11"
        },
        {
            "name": "zendframework/zend-servicemanager",
            "version": "2.3.3",
            "target-dir": "Zend/ServiceManager",
            "source": {
                "type": "git",
                "url": "https://github.com/zendframework/Component_ZendServiceManager.git",
                "reference": "559403e4fd10db2516641f20f129a568d7e6a993"
            },
            "dist": {
                "type": "zip",
                "url": "https://api.github.com/repos/zendframework/Component_ZendServiceManager/zipball/559403e4fd10db2516641f20f129a568d7e6a993",
                "reference": "559403e4fd10db2516641f20f129a568d7e6a993",
                "shasum": ""
            },
            "require": {
                "php": ">=5.3.23"
            },
            "require-dev": {
                "zendframework/zend-di": "self.version"
            },
            "suggest": {
                "zendframework/zend-di": "Zend\\Di component"
            },
            "type": "library",
            "extra": {
                "branch-alias": {
                    "dev-master": "2.3-dev",
                    "dev-develop": "2.4-dev"
                }
            },
            "autoload": {
                "psr-0": {
                    "Zend\\ServiceManager\\": ""
                }
            },
            "notification-url": "https://packagist.org/downloads/",
            "license": [
                "BSD-3-Clause"
            ],
            "homepage": "https://github.com/zendframework/zf2",
            "keywords": [
                "servicemanager",
                "zf2"
            ],
            "time": "2014-09-16 22:58:11"
        },
        {
            "name": "zendframework/zend-stdlib",
            "version": "2.3.3",
            "target-dir": "Zend/Stdlib",
            "source": {
                "type": "git",
                "url": "https://github.com/zendframework/Component_ZendStdlib.git",
                "reference": "fa33e6647f830d0d2a1cb451efcdfe1bb9a66c33"
            },
            "dist": {
                "type": "zip",
                "url": "https://api.github.com/repos/zendframework/Component_ZendStdlib/zipball/fa33e6647f830d0d2a1cb451efcdfe1bb9a66c33",
                "reference": "fa33e6647f830d0d2a1cb451efcdfe1bb9a66c33",
                "shasum": ""
            },
            "require": {
                "php": ">=5.3.23"
            },
            "require-dev": {
                "zendframework/zend-eventmanager": "self.version",
                "zendframework/zend-serializer": "self.version",
                "zendframework/zend-servicemanager": "self.version"
            },
            "suggest": {
                "zendframework/zend-eventmanager": "To support aggregate hydrator usage",
                "zendframework/zend-serializer": "Zend\\Serializer component",
                "zendframework/zend-servicemanager": "To support hydrator plugin manager usage"
            },
            "type": "library",
            "extra": {
                "branch-alias": {
                    "dev-master": "2.3-dev",
                    "dev-develop": "2.4-dev"
                }
            },
            "autoload": {
                "psr-0": {
                    "Zend\\Stdlib\\": ""
                }
            },
            "notification-url": "https://packagist.org/downloads/",
            "license": [
                "BSD-3-Clause"
            ],
            "homepage": "https://github.com/zendframework/zf2",
            "keywords": [
                "stdlib",
                "zf2"
            ],
            "time": "2014-09-16 22:58:11"
        },
        {
            "name": "zendframework/zend-uri",
            "version": "2.3.3",
            "target-dir": "Zend/Uri",
            "source": {
                "type": "git",
                "url": "https://github.com/zendframework/Component_ZendUri.git",
                "reference": "2a62a92888d7cbae1177fa5f58b0bfcf717aea53"
            },
            "dist": {
                "type": "zip",
                "url": "https://api.github.com/repos/zendframework/Component_ZendUri/zipball/2a62a92888d7cbae1177fa5f58b0bfcf717aea53",
                "reference": "2a62a92888d7cbae1177fa5f58b0bfcf717aea53",
                "shasum": ""
            },
            "require": {
                "php": ">=5.3.23",
                "zendframework/zend-escaper": "self.version",
                "zendframework/zend-validator": "self.version"
            },
            "type": "library",
            "extra": {
                "branch-alias": {
                    "dev-master": "2.3-dev",
                    "dev-develop": "2.4-dev"
                }
            },
            "autoload": {
                "psr-0": {
                    "Zend\\Uri\\": ""
                }
            },
            "notification-url": "https://packagist.org/downloads/",
            "license": [
                "BSD-3-Clause"
            ],
            "description": "a component that aids in manipulating and validating » Uniform Resource Identifiers (URIs)",
            "homepage": "https://github.com/zendframework/zf2",
            "keywords": [
                "uri",
                "zf2"
            ],
            "time": "2014-09-16 22:58:11"
        },
        {
            "name": "zendframework/zend-validator",
            "version": "2.3.3",
            "target-dir": "Zend/Validator",
            "source": {
                "type": "git",
                "url": "https://github.com/zendframework/Component_ZendValidator.git",
                "reference": "2881dfaff8452d8cbdaa8ad8a9faccce9843fc6a"
            },
            "dist": {
                "type": "zip",
                "url": "https://api.github.com/repos/zendframework/Component_ZendValidator/zipball/2881dfaff8452d8cbdaa8ad8a9faccce9843fc6a",
                "reference": "2881dfaff8452d8cbdaa8ad8a9faccce9843fc6a",
                "shasum": ""
            },
            "require": {
                "php": ">=5.3.23",
                "zendframework/zend-stdlib": "self.version"
            },
            "require-dev": {
                "zendframework/zend-db": "self.version",
                "zendframework/zend-filter": "self.version",
                "zendframework/zend-i18n": "self.version",
                "zendframework/zend-math": "self.version",
                "zendframework/zend-servicemanager": "self.version",
                "zendframework/zend-session": "self.version",
                "zendframework/zend-uri": "self.version"
            },
            "suggest": {
                "zendframework/zend-db": "Zend\\Db component",
                "zendframework/zend-filter": "Zend\\Filter component, required by the Digits validator",
                "zendframework/zend-i18n": "Zend\\I18n component to allow translation of validation error messages as well as to use the various Date validators",
                "zendframework/zend-math": "Zend\\Math component",
                "zendframework/zend-resources": "Translations of validator messages",
                "zendframework/zend-servicemanager": "Zend\\ServiceManager component to allow using the ValidatorPluginManager and validator chains",
                "zendframework/zend-session": "Zend\\Session component",
                "zendframework/zend-uri": "Zend\\Uri component, required by the Uri and Sitemap\\Loc validators"
            },
            "type": "library",
            "extra": {
                "branch-alias": {
                    "dev-master": "2.3-dev",
                    "dev-develop": "2.4-dev"
                }
            },
            "autoload": {
                "psr-0": {
                    "Zend\\Validator\\": ""
                }
            },
            "notification-url": "https://packagist.org/downloads/",
            "license": [
                "BSD-3-Clause"
            ],
            "description": "provides a set of commonly needed validators",
            "homepage": "https://github.com/zendframework/zf2",
            "keywords": [
                "validator",
                "zf2"
            ],
            "time": "2014-09-16 22:58:11"
        }
    ],
    "packages-dev": [],
    "aliases": [],
    "minimum-stability": "stable",
    "stability-flags": {
        "zendframework/zend-http": 20,
        "zendframework/zend-mvc": 20
    },
    "prefer-stable": false,
    "platform": [],
    "platform-dev": []
}
